
Microsoft Visual Studio Solution File, Format Version 12.00
# Visual Studio 15
VisualStudioVersion = 15.0.28307.757
MinimumVisualStudioVersion = 10.0.40219.1
Project("{FAE04EC0-301F-11D3-BF4B-00C04F79EFBC}") = "BritehouseProject2", "BritehouseProject2\BritehouseProject2.csproj", "{388E8FE3-C96B-4195-AE7E-F7CF01E6BA7D}"
EndProject
Global
	GlobalSection(SolutionConfigurationPlatforms) = preSolution
		Debug|Any CPU = Debug|Any CPU
		Release|Any CPU = Release|Any CPU
	EndGlobalSection
	GlobalSection(ProjectConfigurationPlatforms) = postSolution
		{388E8FE3-C96B-4195-AE7E-F7CF01E6BA7D}.Debug|Any CPU.ActiveCfg = Debug|Any CPU
		{388E8FE3-C96B-4195-AE7E-F7CF01E6BA7D}.Debug|Any CPU.Build.0 = Debug|Any CPU
		{388E8FE3-C96B-4195-AE7E-F7CF01E6BA7D}.Release|Any CPU.ActiveCfg = Release|Any CPU
		{388E8FE3-C96B-4195-AE7E-F7CF01E6BA7D}.Release|Any CPU.Build.0 = Release|Any CPU
	EndGlobalSection
	GlobalSection(SolutionProperties) = preSolution
		HideSolutionNode = FALSE
	EndGlobalSection
	GlobalSection(ExtensibilityGlobals) = postSolution
		SolutionGuid = {E0105660-C328-4894-B14F-DE6B2E6237D2}
	EndGlobalSection
EndGlobal
